
Microsoft Visual Studio Solution File, Format Version 12.00
# Visual Studio Version 17
VisualStudioVersion = 17.10.35013.160
MinimumVisualStudioVersion = 10.0.40219.1
Project("{9A19103F-16F7-4668-BE54-9A1E7A4F7556}") = "ToDoApp.Data.Sqlite", "ToDoApp.Data.Sqlite.csproj", "{8E07227E-DE6A-426E-84F1-1BFF4E5C957D}"
EndProject
Global
	GlobalSection(SolutionConfigurationPlatforms) = preSolution
		Debug|Any CPU = Debug|Any CPU
		Release|Any CPU = Release|Any CPU
	EndGlobalSection
	GlobalSection(ProjectConfigurationPlatforms) = postSolution
		{8E07227E-DE6A-426E-84F1-1BFF4E5C957D}.Debug|Any CPU.ActiveCfg = Debug|Any CPU
		{8E07227E-DE6A-426E-84F1-1BFF4E5C957D}.Debug|Any CPU.Build.0 = Debug|Any CPU
		{8E07227E-DE6A-426E-84F1-1BFF4E5C957D}.Release|Any CPU.ActiveCfg = Release|Any CPU
		{8E07227E-DE6A-426E-84F1-1BFF4E5C957D}.Release|Any CPU.Build.0 = Release|Any CPU
	EndGlobalSection
	GlobalSection(SolutionProperties) = preSolution
		HideSolutionNode = FALSE
	EndGlobalSection
	GlobalSection(ExtensibilityGlobals) = postSolution
		SolutionGuid = {54123492-4F70-4FBD-B409-B8D1ECED9B45}
	EndGlobalSection
EndGlobal
